
Microsoft Visual Studio Solution File, Format Version 12.00
# Visual Studio Version 17
VisualStudioVersion = 17.9.34701.34
MinimumVisualStudioVersion = 10.0.40219.1
Project("{9A19103F-16F7-4668-BE54-9A1E7A4F7556}") = "Fur2Uge", "src\Fur2Uge.csproj", "{2CFB2161-4AED-4BFC-B641-CD0E7631156E}"
EndProject
Global
	GlobalSection(SolutionConfigurationPlatforms) = preSolution
		Debug|Any CPU = Debug|Any CPU
		Release|Any CPU = Release|Any CPU
	EndGlobalSection
	GlobalSection(ProjectConfigurationPlatforms) = postSolution
		{2CFB2161-4AED-4BFC-B641-CD0E7631156E}.Debug|Any CPU.ActiveCfg = Debug|Any CPU
		{2CFB2161-4AED-4BFC-B641-CD0E7631156E}.Debug|Any CPU.Build.0 = Debug|Any CPU
		{2CFB2161-4AED-4BFC-B641-CD0E7631156E}.Release|Any CPU.ActiveCfg = Release|Any CPU
		{2CFB2161-4AED-4BFC-B641-CD0E7631156E}.Release|Any CPU.Build.0 = Release|Any CPU
	EndGlobalSection
	GlobalSection(SolutionProperties) = preSolution
		HideSolutionNode = FALSE
	EndGlobalSection
	GlobalSection(ExtensibilityGlobals) = postSolution
		SolutionGuid = {BEB0A663-5C66-4ADD-BC3C-E49D62FE87BA}
	EndGlobalSection
EndGlobal
